
Microsoft Visual Studio Solution File, Format Version 12.00
# Visual Studio Version 17
VisualStudioVersion = 17.14.36414.22 d17.14
MinimumVisualStudioVersion = 10.0.40219.1
Project("{FAE04EC0-301F-11D3-BF4B-00C04F79EFBC}") = "percentage_calaculator", "percentage_calaculator\percentage_calaculator.csproj", "{6BD508E2-F3FA-4CBA-9947-65902823F0E6}"
EndProject
Global
	GlobalSection(SolutionConfigurationPlatforms) = preSolution
		Debug|Any CPU = Debug|Any CPU
		Release|Any CPU = Release|Any CPU
	EndGlobalSection
	GlobalSection(ProjectConfigurationPlatforms) = postSolution
		{6BD508E2-F3FA-4CBA-9947-65902823F0E6}.Debug|Any CPU.ActiveCfg = Debug|Any CPU
		{6BD508E2-F3FA-4CBA-9947-65902823F0E6}.Debug|Any CPU.Build.0 = Debug|Any CPU
		{6BD508E2-F3FA-4CBA-9947-65902823F0E6}.Release|Any CPU.ActiveCfg = Release|Any CPU
		{6BD508E2-F3FA-4CBA-9947-65902823F0E6}.Release|Any CPU.Build.0 = Release|Any CPU
	EndGlobalSection
	GlobalSection(SolutionProperties) = preSolution
		HideSolutionNode = FALSE
	EndGlobalSection
	GlobalSection(ExtensibilityGlobals) = postSolution
		SolutionGuid = {5CE4BDD6-14BA-4122-8215-4BA39BEE9FC5}
	EndGlobalSection
EndGlobal
