
Microsoft Visual Studio Solution File, Format Version 12.00
# Visual Studio Version 17
VisualStudioVersion = 17.14.36414.22 d17.14
MinimumVisualStudioVersion = 10.0.40219.1
Project("{FAE04EC0-301F-11D3-BF4B-00C04F79EFBC}") = "ConsoleApp2", "ConsoleApp2\ConsoleApp2.csproj", "{73E697A1-D5A4-41D4-AE48-3ACE76C02DE2}"
EndProject
Global
	GlobalSection(SolutionConfigurationPlatforms) = preSolution
		Debug|Any CPU = Debug|Any CPU
		Release|Any CPU = Release|Any CPU
	EndGlobalSection
	GlobalSection(ProjectConfigurationPlatforms) = postSolution
		{73E697A1-D5A4-41D4-AE48-3ACE76C02DE2}.Debug|Any CPU.ActiveCfg = Debug|Any CPU
		{73E697A1-D5A4-41D4-AE48-3ACE76C02DE2}.Debug|Any CPU.Build.0 = Debug|Any CPU
		{73E697A1-D5A4-41D4-AE48-3ACE76C02DE2}.Release|Any CPU.ActiveCfg = Release|Any CPU
		{73E697A1-D5A4-41D4-AE48-3ACE76C02DE2}.Release|Any CPU.Build.0 = Release|Any CPU
	EndGlobalSection
	GlobalSection(SolutionProperties) = preSolution
		HideSolutionNode = FALSE
	EndGlobalSection
	GlobalSection(ExtensibilityGlobals) = postSolution
		SolutionGuid = {A3091E35-91B0-4CB4-AFE5-7C7833A1DF83}
	EndGlobalSection
EndGlobal
