
Microsoft Visual Studio Solution File, Format Version 12.00
# Visual Studio Version 17
VisualStudioVersion = 17.14.36518.9 d17.14
MinimumVisualStudioVersion = 10.0.40219.1
Project("{FAE04EC0-301F-11D3-BF4B-00C04F79EFBC}") = "EMS", "EMS\EMS.csproj", "{EDA93066-8C20-4550-800F-D6B1A799A6CC}"
EndProject
Global
	GlobalSection(SolutionConfigurationPlatforms) = preSolution
		Debug|Any CPU = Debug|Any CPU
		Release|Any CPU = Release|Any CPU
	EndGlobalSection
	GlobalSection(ProjectConfigurationPlatforms) = postSolution
		{EDA93066-8C20-4550-800F-D6B1A799A6CC}.Debug|Any CPU.ActiveCfg = Debug|Any CPU
		{EDA93066-8C20-4550-800F-D6B1A799A6CC}.Debug|Any CPU.Build.0 = Debug|Any CPU
		{EDA93066-8C20-4550-800F-D6B1A799A6CC}.Release|Any CPU.ActiveCfg = Release|Any CPU
		{EDA93066-8C20-4550-800F-D6B1A799A6CC}.Release|Any CPU.Build.0 = Release|Any CPU
	EndGlobalSection
	GlobalSection(SolutionProperties) = preSolution
		HideSolutionNode = FALSE
	EndGlobalSection
	GlobalSection(ExtensibilityGlobals) = postSolution
		SolutionGuid = {AA20356C-C3CB-4AD7-9D66-6833B8FD5BBA}
	EndGlobalSection
EndGlobal
