
Microsoft Visual Studio Solution File, Format Version 12.00
# Visual Studio Version 17
VisualStudioVersion = 17.14.36518.9 d17.14
MinimumVisualStudioVersion = 10.0.40219.1
Project("{FAE04EC0-301F-11D3-BF4B-00C04F79EFBC}") = "StringvsStringbuilder", "StringvsStringbuilder\StringvsStringbuilder.csproj", "{E18A879C-E92E-49F0-921E-3028AF629C71}"
EndProject
Global
	GlobalSection(SolutionConfigurationPlatforms) = preSolution
		Debug|Any CPU = Debug|Any CPU
		Release|Any CPU = Release|Any CPU
	EndGlobalSection
	GlobalSection(ProjectConfigurationPlatforms) = postSolution
		{E18A879C-E92E-49F0-921E-3028AF629C71}.Debug|Any CPU.ActiveCfg = Debug|Any CPU
		{E18A879C-E92E-49F0-921E-3028AF629C71}.Debug|Any CPU.Build.0 = Debug|Any CPU
		{E18A879C-E92E-49F0-921E-3028AF629C71}.Release|Any CPU.ActiveCfg = Release|Any CPU
		{E18A879C-E92E-49F0-921E-3028AF629C71}.Release|Any CPU.Build.0 = Release|Any CPU
	EndGlobalSection
	GlobalSection(SolutionProperties) = preSolution
		HideSolutionNode = FALSE
	EndGlobalSection
	GlobalSection(ExtensibilityGlobals) = postSolution
		SolutionGuid = {794E437F-A444-4D04-AA17-0F1F2D2FD275}
	EndGlobalSection
EndGlobal
