
Microsoft Visual Studio Solution File, Format Version 12.00
# Visual Studio Version 17
VisualStudioVersion = 17.14.36429.23 d17.14
MinimumVisualStudioVersion = 10.0.40219.1
Project("{FAE04EC0-301F-11D3-BF4B-00C04F79EFBC}") = "Interface", "Interface\Interface.csproj", "{281135A2-CFDC-42C7-9F32-9578BE14A07A}"
EndProject
Global
	GlobalSection(SolutionConfigurationPlatforms) = preSolution
		Debug|Any CPU = Debug|Any CPU
		Release|Any CPU = Release|Any CPU
	EndGlobalSection
	GlobalSection(ProjectConfigurationPlatforms) = postSolution
		{281135A2-CFDC-42C7-9F32-9578BE14A07A}.Debug|Any CPU.ActiveCfg = Debug|Any CPU
		{281135A2-CFDC-42C7-9F32-9578BE14A07A}.Debug|Any CPU.Build.0 = Debug|Any CPU
		{281135A2-CFDC-42C7-9F32-9578BE14A07A}.Release|Any CPU.ActiveCfg = Release|Any CPU
		{281135A2-CFDC-42C7-9F32-9578BE14A07A}.Release|Any CPU.Build.0 = Release|Any CPU
	EndGlobalSection
	GlobalSection(SolutionProperties) = preSolution
		HideSolutionNode = FALSE
	EndGlobalSection
	GlobalSection(ExtensibilityGlobals) = postSolution
		SolutionGuid = {9EDA60D9-7570-42D7-B103-5C50D03F2D7E}
	EndGlobalSection
EndGlobal
