
Microsoft Visual Studio Solution File, Format Version 12.00
# Visual Studio Version 17
VisualStudioVersion = 17.14.36301.6 d17.14
MinimumVisualStudioVersion = 10.0.40219.1
Project("{FAE04EC0-301F-11D3-BF4B-00C04F79EFBC}") = "ConsoleApp3", "ConsoleApp3\ConsoleApp3.csproj", "{5EE222F8-0779-4215-A371-0B36F938A5EE}"
EndProject
Global
	GlobalSection(SolutionConfigurationPlatforms) = preSolution
		Debug|Any CPU = Debug|Any CPU
		Release|Any CPU = Release|Any CPU
	EndGlobalSection
	GlobalSection(ProjectConfigurationPlatforms) = postSolution
		{5EE222F8-0779-4215-A371-0B36F938A5EE}.Debug|Any CPU.ActiveCfg = Debug|Any CPU
		{5EE222F8-0779-4215-A371-0B36F938A5EE}.Debug|Any CPU.Build.0 = Debug|Any CPU
		{5EE222F8-0779-4215-A371-0B36F938A5EE}.Release|Any CPU.ActiveCfg = Release|Any CPU
		{5EE222F8-0779-4215-A371-0B36F938A5EE}.Release|Any CPU.Build.0 = Release|Any CPU
	EndGlobalSection
	GlobalSection(SolutionProperties) = preSolution
		HideSolutionNode = FALSE
	EndGlobalSection
	GlobalSection(ExtensibilityGlobals) = postSolution
		SolutionGuid = {AF5FC863-6C25-435F-97D0-53806DE9A40D}
	EndGlobalSection
EndGlobal
