
Microsoft Visual Studio Solution File, Format Version 12.00
# Visual Studio Version 17
VisualStudioVersion = 17.14.36401.2 d17.14
MinimumVisualStudioVersion = 10.0.40219.1
Project("{FAE04EC0-301F-11D3-BF4B-00C04F79EFBC}") = "This", "This\This.csproj", "{FDC4A749-8308-4A7E-B82C-C58E8B3947B8}"
EndProject
Global
	GlobalSection(SolutionConfigurationPlatforms) = preSolution
		Debug|Any CPU = Debug|Any CPU
		Release|Any CPU = Release|Any CPU
	EndGlobalSection
	GlobalSection(ProjectConfigurationPlatforms) = postSolution
		{FDC4A749-8308-4A7E-B82C-C58E8B3947B8}.Debug|Any CPU.ActiveCfg = Debug|Any CPU
		{FDC4A749-8308-4A7E-B82C-C58E8B3947B8}.Debug|Any CPU.Build.0 = Debug|Any CPU
		{FDC4A749-8308-4A7E-B82C-C58E8B3947B8}.Release|Any CPU.ActiveCfg = Release|Any CPU
		{FDC4A749-8308-4A7E-B82C-C58E8B3947B8}.Release|Any CPU.Build.0 = Release|Any CPU
	EndGlobalSection
	GlobalSection(SolutionProperties) = preSolution
		HideSolutionNode = FALSE
	EndGlobalSection
	GlobalSection(ExtensibilityGlobals) = postSolution
		SolutionGuid = {1BB2C380-9BDD-4BC9-A7E4-A804F6C13996}
	EndGlobalSection
EndGlobal
