
Microsoft Visual Studio Solution File, Format Version 12.00
# Visual Studio Version 17
VisualStudioVersion = 17.14.36401.2 d17.14
MinimumVisualStudioVersion = 10.0.40219.1
Project("{FAE04EC0-301F-11D3-BF4B-00C04F79EFBC}") = "Threading", "Threading\Threading.csproj", "{FB0CF1AF-B276-4E26-AF0F-9DAA9974D85A}"
EndProject
Global
	GlobalSection(SolutionConfigurationPlatforms) = preSolution
		Debug|Any CPU = Debug|Any CPU
		Release|Any CPU = Release|Any CPU
	EndGlobalSection
	GlobalSection(ProjectConfigurationPlatforms) = postSolution
		{FB0CF1AF-B276-4E26-AF0F-9DAA9974D85A}.Debug|Any CPU.ActiveCfg = Debug|Any CPU
		{FB0CF1AF-B276-4E26-AF0F-9DAA9974D85A}.Debug|Any CPU.Build.0 = Debug|Any CPU
		{FB0CF1AF-B276-4E26-AF0F-9DAA9974D85A}.Release|Any CPU.ActiveCfg = Release|Any CPU
		{FB0CF1AF-B276-4E26-AF0F-9DAA9974D85A}.Release|Any CPU.Build.0 = Release|Any CPU
	EndGlobalSection
	GlobalSection(SolutionProperties) = preSolution
		HideSolutionNode = FALSE
	EndGlobalSection
	GlobalSection(ExtensibilityGlobals) = postSolution
		SolutionGuid = {CF0F00AA-7A37-41F1-803B-16E1BA9DFE72}
	EndGlobalSection
EndGlobal
