
Microsoft Visual Studio Solution File, Format Version 12.00
# Visual Studio Version 17
VisualStudioVersion = 17.14.36518.9 d17.14
MinimumVisualStudioVersion = 10.0.40219.1
Project("{FAE04EC0-301F-11D3-BF4B-00C04F79EFBC}") = "EntityDemo2", "EntityDemo2\EntityDemo2.csproj", "{7D3ED9D2-5439-4134-81F9-ED7344F64EF7}"
EndProject
Global
	GlobalSection(SolutionConfigurationPlatforms) = preSolution
		Debug|Any CPU = Debug|Any CPU
		Release|Any CPU = Release|Any CPU
	EndGlobalSection
	GlobalSection(ProjectConfigurationPlatforms) = postSolution
		{7D3ED9D2-5439-4134-81F9-ED7344F64EF7}.Debug|Any CPU.ActiveCfg = Debug|Any CPU
		{7D3ED9D2-5439-4134-81F9-ED7344F64EF7}.Debug|Any CPU.Build.0 = Debug|Any CPU
		{7D3ED9D2-5439-4134-81F9-ED7344F64EF7}.Release|Any CPU.ActiveCfg = Release|Any CPU
		{7D3ED9D2-5439-4134-81F9-ED7344F64EF7}.Release|Any CPU.Build.0 = Release|Any CPU
	EndGlobalSection
	GlobalSection(SolutionProperties) = preSolution
		HideSolutionNode = FALSE
	EndGlobalSection
	GlobalSection(ExtensibilityGlobals) = postSolution
		SolutionGuid = {E426A2B8-1333-4D85-B785-54B1FCB77EA5}
	EndGlobalSection
EndGlobal
