
Microsoft Visual Studio Solution File, Format Version 12.00
# Visual Studio Version 17
VisualStudioVersion = 17.14.36429.23 d17.14
MinimumVisualStudioVersion = 10.0.40219.1
Project("{FAE04EC0-301F-11D3-BF4B-00C04F79EFBC}") = "EntityDemo", "EntityDemo\EntityDemo.csproj", "{628DFB19-6534-4424-9A72-877E57A8B9BE}"
EndProject
Global
	GlobalSection(SolutionConfigurationPlatforms) = preSolution
		Debug|Any CPU = Debug|Any CPU
		Release|Any CPU = Release|Any CPU
	EndGlobalSection
	GlobalSection(ProjectConfigurationPlatforms) = postSolution
		{628DFB19-6534-4424-9A72-877E57A8B9BE}.Debug|Any CPU.ActiveCfg = Debug|Any CPU
		{628DFB19-6534-4424-9A72-877E57A8B9BE}.Debug|Any CPU.Build.0 = Debug|Any CPU
		{628DFB19-6534-4424-9A72-877E57A8B9BE}.Release|Any CPU.ActiveCfg = Release|Any CPU
		{628DFB19-6534-4424-9A72-877E57A8B9BE}.Release|Any CPU.Build.0 = Release|Any CPU
	EndGlobalSection
	GlobalSection(SolutionProperties) = preSolution
		HideSolutionNode = FALSE
	EndGlobalSection
	GlobalSection(ExtensibilityGlobals) = postSolution
		SolutionGuid = {514DC5C2-F88E-4312-AF4E-E521AE070C96}
	EndGlobalSection
EndGlobal
