
Microsoft Visual Studio Solution File, Format Version 12.00
# Visual Studio Version 17
VisualStudioVersion = 17.14.36401.2 d17.14
MinimumVisualStudioVersion = 10.0.40219.1
Project("{FAE04EC0-301F-11D3-BF4B-00C04F79EFBC}") = "MatrixMUl", "MatrixMUl\MatrixMUl.csproj", "{43E27F7D-68F8-40A0-B303-97A6F007B425}"
EndProject
Global
	GlobalSection(SolutionConfigurationPlatforms) = preSolution
		Debug|Any CPU = Debug|Any CPU
		Release|Any CPU = Release|Any CPU
	EndGlobalSection
	GlobalSection(ProjectConfigurationPlatforms) = postSolution
		{43E27F7D-68F8-40A0-B303-97A6F007B425}.Debug|Any CPU.ActiveCfg = Debug|Any CPU
		{43E27F7D-68F8-40A0-B303-97A6F007B425}.Debug|Any CPU.Build.0 = Debug|Any CPU
		{43E27F7D-68F8-40A0-B303-97A6F007B425}.Release|Any CPU.ActiveCfg = Release|Any CPU
		{43E27F7D-68F8-40A0-B303-97A6F007B425}.Release|Any CPU.Build.0 = Release|Any CPU
	EndGlobalSection
	GlobalSection(SolutionProperties) = preSolution
		HideSolutionNode = FALSE
	EndGlobalSection
	GlobalSection(ExtensibilityGlobals) = postSolution
		SolutionGuid = {BE3111E9-9BCE-4F95-A5B5-EB51E91D10C5}
	EndGlobalSection
EndGlobal
