
Microsoft Visual Studio Solution File, Format Version 12.00
# Visual Studio Version 17
VisualStudioVersion = 17.14.36414.22 d17.14
MinimumVisualStudioVersion = 10.0.40219.1
Project("{FAE04EC0-301F-11D3-BF4B-00C04F79EFBC}") = "tese1", "tese1\tese1.csproj", "{2F345044-5C91-447A-A6B1-EEFB953A66E3}"
EndProject
Global
	GlobalSection(SolutionConfigurationPlatforms) = preSolution
		Debug|Any CPU = Debug|Any CPU
		Release|Any CPU = Release|Any CPU
	EndGlobalSection
	GlobalSection(ProjectConfigurationPlatforms) = postSolution
		{2F345044-5C91-447A-A6B1-EEFB953A66E3}.Debug|Any CPU.ActiveCfg = Debug|Any CPU
		{2F345044-5C91-447A-A6B1-EEFB953A66E3}.Debug|Any CPU.Build.0 = Debug|Any CPU
		{2F345044-5C91-447A-A6B1-EEFB953A66E3}.Release|Any CPU.ActiveCfg = Release|Any CPU
		{2F345044-5C91-447A-A6B1-EEFB953A66E3}.Release|Any CPU.Build.0 = Release|Any CPU
	EndGlobalSection
	GlobalSection(SolutionProperties) = preSolution
		HideSolutionNode = FALSE
	EndGlobalSection
	GlobalSection(ExtensibilityGlobals) = postSolution
		SolutionGuid = {4080965E-AE94-4A25-9F42-F75D1F95368E}
	EndGlobalSection
EndGlobal
