
Microsoft Visual Studio Solution File, Format Version 12.00
# Visual Studio Version 17
VisualStudioVersion = 17.14.36310.24 d17.14
MinimumVisualStudioVersion = 10.0.40219.1
Project("{FAE04EC0-301F-11D3-BF4B-00C04F79EFBC}") = "Electricity bill", "Electricity bill\Electricity bill.csproj", "{8C121F9A-D7FB-46C2-910C-1A0284BDADF8}"
EndProject
Global
	GlobalSection(SolutionConfigurationPlatforms) = preSolution
		Debug|Any CPU = Debug|Any CPU
		Release|Any CPU = Release|Any CPU
	EndGlobalSection
	GlobalSection(ProjectConfigurationPlatforms) = postSolution
		{8C121F9A-D7FB-46C2-910C-1A0284BDADF8}.Debug|Any CPU.ActiveCfg = Debug|Any CPU
		{8C121F9A-D7FB-46C2-910C-1A0284BDADF8}.Debug|Any CPU.Build.0 = Debug|Any CPU
		{8C121F9A-D7FB-46C2-910C-1A0284BDADF8}.Release|Any CPU.ActiveCfg = Release|Any CPU
		{8C121F9A-D7FB-46C2-910C-1A0284BDADF8}.Release|Any CPU.Build.0 = Release|Any CPU
	EndGlobalSection
	GlobalSection(SolutionProperties) = preSolution
		HideSolutionNode = FALSE
	EndGlobalSection
	GlobalSection(ExtensibilityGlobals) = postSolution
		SolutionGuid = {C83BA248-0CD1-4C19-8253-C327A9E229EA}
	EndGlobalSection
EndGlobal
